
Microsoft Visual Studio Solution File, Format Version 12.00
# Visual Studio Version 17
VisualStudioVersion = 17.0.31903.59
MinimumVisualStudioVersion = 10.0.40219.1
Project("{9A19103F-16F7-4668-BE54-9A1E7A4F7556}") = "blazorwasm-standalone-singleOrg", "blazorwasm-standalone-singleOrg\blazorwasm-standalone-singleOrg.csproj", "{20678A5D-4627-40FA-A46F-062F0F0CC9D1}"
EndProject
Global
	GlobalSection(SolutionConfigurationPlatforms) = preSolution
		Debug|Any CPU = Debug|Any CPU
		Release|Any CPU = Release|Any CPU
	EndGlobalSection
	GlobalSection(ProjectConfigurationPlatforms) = postSolution
		{20678A5D-4627-40FA-A46F-062F0F0CC9D1}.Debug|Any CPU.ActiveCfg = Debug|Any CPU
		{20678A5D-4627-40FA-A46F-062F0F0CC9D1}.Debug|Any CPU.Build.0 = Debug|Any CPU
		{20678A5D-4627-40FA-A46F-062F0F0CC9D1}.Release|Any CPU.ActiveCfg = Release|Any CPU
		{20678A5D-4627-40FA-A46F-062F0F0CC9D1}.Release|Any CPU.Build.0 = Release|Any CPU
	EndGlobalSection
	GlobalSection(SolutionProperties) = preSolution
		HideSolutionNode = FALSE
	EndGlobalSection
	GlobalSection(ExtensibilityGlobals) = postSolution
		SolutionGuid = {66C56171-7BC9-4330-9696-6770EB412E24}
	EndGlobalSection
EndGlobal
