
Microsoft Visual Studio Solution File, Format Version 12.00
# Visual Studio Version 17
VisualStudioVersion = 17.0.31903.59
MinimumVisualStudioVersion = 10.0.40219.1
Project("{FAE04EC0-301F-11D3-BF4B-00C04F79EFBC}") = "blazorwasm-hosted-singleOrg.Server", "blazorwasm-hosted-singleOrg\Server\blazorwasm-hosted-singleOrg.Server.csproj", "{3D4CBB0F-F9A4-4A9E-A719-F5322E74AA8A}"
EndProject
Project("{FAE04EC0-301F-11D3-BF4B-00C04F79EFBC}") = "blazorwasm-hosted-singleOrg.Client", "blazorwasm-hosted-singleOrg\Client\blazorwasm-hosted-singleOrg.Client.csproj", "{90794F0B-5227-4D78-8EAF-2F4FC48E649B}"
EndProject
Project("{FAE04EC0-301F-11D3-BF4B-00C04F79EFBC}") = "blazorwasm-hosted-singleOrg.Shared", "blazorwasm-hosted-singleOrg\Shared\blazorwasm-hosted-singleOrg.Shared.csproj", "{9FED7B89-5FE2-426C-9F83-37A9372847FC}"
EndProject
Global
	GlobalSection(SolutionConfigurationPlatforms) = preSolution
		Debug|Any CPU = Debug|Any CPU
		Release|Any CPU = Release|Any CPU
	EndGlobalSection
	GlobalSection(ProjectConfigurationPlatforms) = postSolution
		{3D4CBB0F-F9A4-4A9E-A719-F5322E74AA8A}.Debug|Any CPU.ActiveCfg = Debug|Any CPU
		{3D4CBB0F-F9A4-4A9E-A719-F5322E74AA8A}.Debug|Any CPU.Build.0 = Debug|Any CPU
		{3D4CBB0F-F9A4-4A9E-A719-F5322E74AA8A}.Release|Any CPU.ActiveCfg = Release|Any CPU
		{3D4CBB0F-F9A4-4A9E-A719-F5322E74AA8A}.Release|Any CPU.Build.0 = Release|Any CPU
		{90794F0B-5227-4D78-8EAF-2F4FC48E649B}.Debug|Any CPU.ActiveCfg = Debug|Any CPU
		{90794F0B-5227-4D78-8EAF-2F4FC48E649B}.Debug|Any CPU.Build.0 = Debug|Any CPU
		{90794F0B-5227-4D78-8EAF-2F4FC48E649B}.Release|Any CPU.ActiveCfg = Release|Any CPU
		{90794F0B-5227-4D78-8EAF-2F4FC48E649B}.Release|Any CPU.Build.0 = Release|Any CPU
		{9FED7B89-5FE2-426C-9F83-37A9372847FC}.Debug|Any CPU.ActiveCfg = Debug|Any CPU
		{9FED7B89-5FE2-426C-9F83-37A9372847FC}.Debug|Any CPU.Build.0 = Debug|Any CPU
		{9FED7B89-5FE2-426C-9F83-37A9372847FC}.Release|Any CPU.ActiveCfg = Release|Any CPU
		{9FED7B89-5FE2-426C-9F83-37A9372847FC}.Release|Any CPU.Build.0 = Release|Any CPU
	EndGlobalSection
	GlobalSection(SolutionProperties) = preSolution
		HideSolutionNode = FALSE
	EndGlobalSection
	GlobalSection(ExtensibilityGlobals) = postSolution
		SolutionGuid = {0CA1CFAF-1B39-4B3E-BF89-63C2B8BB59B5}
	EndGlobalSection
EndGlobal
