
Microsoft Visual Studio Solution File, Format Version 12.00
# Visual Studio Version 17
VisualStudioVersion = 17.0.31903.59
MinimumVisualStudioVersion = 10.0.40219.1
Project("{FAE04EC0-301F-11D3-BF4B-00C04F79EFBC}") = "blazorwasm-hosted-singleOrg.Server", "blazorwasm-hosted-singleOrg\Server\blazorwasm-hosted-singleOrg.Server.csproj", "{53775743-B7AE-4BC9-B3EA-F9CCE2817C4D}"
EndProject
Project("{FAE04EC0-301F-11D3-BF4B-00C04F79EFBC}") = "blazorwasm-hosted-singleOrg.Client", "blazorwasm-hosted-singleOrg\Client\blazorwasm-hosted-singleOrg.Client.csproj", "{17D91C9A-3A05-48E4-8547-C7FB495543F4}"
EndProject
Project("{FAE04EC0-301F-11D3-BF4B-00C04F79EFBC}") = "blazorwasm-hosted-singleOrg.Shared", "blazorwasm-hosted-singleOrg\Shared\blazorwasm-hosted-singleOrg.Shared.csproj", "{2C55E93D-4C8A-4065-BF65-A7847AAD1397}"
EndProject
Global
	GlobalSection(SolutionConfigurationPlatforms) = preSolution
		Debug|Any CPU = Debug|Any CPU
		Release|Any CPU = Release|Any CPU
	EndGlobalSection
	GlobalSection(ProjectConfigurationPlatforms) = postSolution
		{53775743-B7AE-4BC9-B3EA-F9CCE2817C4D}.Debug|Any CPU.ActiveCfg = Debug|Any CPU
		{53775743-B7AE-4BC9-B3EA-F9CCE2817C4D}.Debug|Any CPU.Build.0 = Debug|Any CPU
		{53775743-B7AE-4BC9-B3EA-F9CCE2817C4D}.Release|Any CPU.ActiveCfg = Release|Any CPU
		{53775743-B7AE-4BC9-B3EA-F9CCE2817C4D}.Release|Any CPU.Build.0 = Release|Any CPU
		{17D91C9A-3A05-48E4-8547-C7FB495543F4}.Debug|Any CPU.ActiveCfg = Debug|Any CPU
		{17D91C9A-3A05-48E4-8547-C7FB495543F4}.Debug|Any CPU.Build.0 = Debug|Any CPU
		{17D91C9A-3A05-48E4-8547-C7FB495543F4}.Release|Any CPU.ActiveCfg = Release|Any CPU
		{17D91C9A-3A05-48E4-8547-C7FB495543F4}.Release|Any CPU.Build.0 = Release|Any CPU
		{2C55E93D-4C8A-4065-BF65-A7847AAD1397}.Debug|Any CPU.ActiveCfg = Debug|Any CPU
		{2C55E93D-4C8A-4065-BF65-A7847AAD1397}.Debug|Any CPU.Build.0 = Debug|Any CPU
		{2C55E93D-4C8A-4065-BF65-A7847AAD1397}.Release|Any CPU.ActiveCfg = Release|Any CPU
		{2C55E93D-4C8A-4065-BF65-A7847AAD1397}.Release|Any CPU.Build.0 = Release|Any CPU
	EndGlobalSection
	GlobalSection(SolutionProperties) = preSolution
		HideSolutionNode = FALSE
	EndGlobalSection
	GlobalSection(ExtensibilityGlobals) = postSolution
		SolutionGuid = {0CA1CFAF-1B39-4B3E-BF89-63C2B8BB59B5}
	EndGlobalSection
EndGlobal
